
Microsoft Visual Studio Solution File, Format Version 12.00
# Visual Studio Version 17
VisualStudioVersion = 17.2.32630.192
MinimumVisualStudioVersion = 10.0.40219.1
Project("{888888A0-9F3D-457C-B088-3A5042F75D52}") = "Bebek", "Bebek.pyproj", "{FD034284-38B2-4DF8-8B1C-F5174F5192D2}"
EndProject
Global
	GlobalSection(SolutionConfigurationPlatforms) = preSolution
		Debug|Any CPU = Debug|Any CPU
		Release|Any CPU = Release|Any CPU
	EndGlobalSection
	GlobalSection(ProjectConfigurationPlatforms) = postSolution
		{FD034284-38B2-4DF8-8B1C-F5174F5192D2}.Debug|Any CPU.ActiveCfg = Debug|Any CPU
		{FD034284-38B2-4DF8-8B1C-F5174F5192D2}.Release|Any CPU.ActiveCfg = Release|Any CPU
	EndGlobalSection
	GlobalSection(SolutionProperties) = preSolution
		HideSolutionNode = FALSE
	EndGlobalSection
	GlobalSection(ExtensibilityGlobals) = postSolution
		SolutionGuid = {87B70C26-35B0-4203-B82C-D61DEA973DBC}
	EndGlobalSection
EndGlobal
